
Microsoft Visual Studio Solution File, Format Version 12.00
# Visual Studio 15
VisualStudioVersion = 15.0.26124.0
MinimumVisualStudioVersion = 15.0.26124.0
Project("{2150E333-8FDC-42A3-9474-1A3956D46DE8}") = "Client", "Client", "{2CB42F12-E813-91B3-7D11-3220E40BEF4A}"
EndProject
Project("{FAE04EC0-301F-11D3-BF4B-00C04F79EFBC}") = "PedManager.Client", "Client\PedManager.Client.csproj", "{B4972816-1F70-4379-97FE-DBAA996F6594}"
EndProject
Project("{FAE04EC0-301F-11D3-BF4B-00C04F79EFBC}") = "PedManager.Server", "Server\PedManager.Server.csproj", "{E93F96D1-51AD-46D6-82FF-EFEF449E0B69}"
EndProject
Global
	GlobalSection(SolutionConfigurationPlatforms) = preSolution
		Debug|Any CPU = Debug|Any CPU
		Debug|x64 = Debug|x64
		Debug|x86 = Debug|x86
		Release|Any CPU = Release|Any CPU
		Release|x64 = Release|x64
		Release|x86 = Release|x86
	EndGlobalSection
	GlobalSection(ProjectConfigurationPlatforms) = postSolution
		{B4972816-1F70-4379-97FE-DBAA996F6594}.Debug|Any CPU.ActiveCfg = Debug|Any CPU
		{B4972816-1F70-4379-97FE-DBAA996F6594}.Debug|Any CPU.Build.0 = Debug|Any CPU
		{B4972816-1F70-4379-97FE-DBAA996F6594}.Debug|x64.ActiveCfg = Debug|Any CPU
		{B4972816-1F70-4379-97FE-DBAA996F6594}.Debug|x64.Build.0 = Debug|Any CPU
		{B4972816-1F70-4379-97FE-DBAA996F6594}.Debug|x86.ActiveCfg = Debug|Any CPU
		{B4972816-1F70-4379-97FE-DBAA996F6594}.Debug|x86.Build.0 = Debug|Any CPU
		{B4972816-1F70-4379-97FE-DBAA996F6594}.Release|Any CPU.ActiveCfg = Release|Any CPU
		{B4972816-1F70-4379-97FE-DBAA996F6594}.Release|Any CPU.Build.0 = Release|Any CPU
		{B4972816-1F70-4379-97FE-DBAA996F6594}.Release|x64.ActiveCfg = Release|Any CPU
		{B4972816-1F70-4379-97FE-DBAA996F6594}.Release|x64.Build.0 = Release|Any CPU
		{B4972816-1F70-4379-97FE-DBAA996F6594}.Release|x86.ActiveCfg = Release|Any CPU
		{B4972816-1F70-4379-97FE-DBAA996F6594}.Release|x86.Build.0 = Release|Any CPU
		{E93F96D1-51AD-46D6-82FF-EFEF449E0B69}.Debug|Any CPU.ActiveCfg = Debug|Any CPU
		{E93F96D1-51AD-46D6-82FF-EFEF449E0B69}.Debug|Any CPU.Build.0 = Debug|Any CPU
		{E93F96D1-51AD-46D6-82FF-EFEF449E0B69}.Debug|x64.ActiveCfg = Debug|Any CPU
		{E93F96D1-51AD-46D6-82FF-EFEF449E0B69}.Debug|x64.Build.0 = Debug|Any CPU
		{E93F96D1-51AD-46D6-82FF-EFEF449E0B69}.Debug|x86.ActiveCfg = Debug|Any CPU
		{E93F96D1-51AD-46D6-82FF-EFEF449E0B69}.Debug|x86.Build.0 = Debug|Any CPU
		{E93F96D1-51AD-46D6-82FF-EFEF449E0B69}.Release|Any CPU.ActiveCfg = Release|Any CPU
		{E93F96D1-51AD-46D6-82FF-EFEF449E0B69}.Release|Any CPU.Build.0 = Release|Any CPU
		{E93F96D1-51AD-46D6-82FF-EFEF449E0B69}.Release|x64.ActiveCfg = Release|Any CPU
		{E93F96D1-51AD-46D6-82FF-EFEF449E0B69}.Release|x64.Build.0 = Release|Any CPU
		{E93F96D1-51AD-46D6-82FF-EFEF449E0B69}.Release|x86.ActiveCfg = Release|Any CPU
		{E93F96D1-51AD-46D6-82FF-EFEF449E0B69}.Release|x86.Build.0 = Release|Any CPU
	EndGlobalSection
	GlobalSection(SolutionProperties) = preSolution
		HideSolutionNode = FALSE
	EndGlobalSection
	GlobalSection(NestedProjects) = preSolution
		{B4972816-1F70-4379-97FE-DBAA996F6594} = {2CB42F12-E813-91B3-7D11-3220E40BEF4A}
		{E93F96D1-51AD-46D6-82FF-EFEF449E0B69} = {2CB42F12-E813-91B3-7D11-3220E40BEF4A}
	EndGlobalSection
EndGlobal
