
Microsoft Visual Studio Solution File, Format Version 12.00
# Visual Studio Version 17
VisualStudioVersion = 17.14.36414.22
MinimumVisualStudioVersion = 15.0.26124.0
Project("{2150E333-8FDC-42A3-9474-1A3956D46DE8}") = "Client", "Client", "{2CB42F12-E813-91B3-7D11-3220E40BEF4A}"
EndProject
Project("{FAE04EC0-301F-11D3-BF4B-00C04F79EFBC}") = "UI.Client", "Client\UI.Client.csproj", "{96BE995D-2364-4C04-931A-158635F7F404}"
EndProject
Project("{FAE04EC0-301F-11D3-BF4B-00C04F79EFBC}") = "UI.Server", "Server\UI.Server.csproj", "{D7289B44-252F-4BBC-8657-853F832BE705}"
EndProject
Global
	GlobalSection(SolutionConfigurationPlatforms) = preSolution
		Debug|Any CPU = Debug|Any CPU
		Debug|x64 = Debug|x64
		Debug|x86 = Debug|x86
		Release|Any CPU = Release|Any CPU
		Release|x64 = Release|x64
		Release|x86 = Release|x86
	EndGlobalSection
	GlobalSection(ProjectConfigurationPlatforms) = postSolution
		{96BE995D-2364-4C04-931A-158635F7F404}.Debug|Any CPU.ActiveCfg = Debug|Any CPU
		{96BE995D-2364-4C04-931A-158635F7F404}.Debug|Any CPU.Build.0 = Debug|Any CPU
		{96BE995D-2364-4C04-931A-158635F7F404}.Debug|x64.ActiveCfg = Debug|Any CPU
		{96BE995D-2364-4C04-931A-158635F7F404}.Debug|x64.Build.0 = Debug|Any CPU
		{96BE995D-2364-4C04-931A-158635F7F404}.Debug|x86.ActiveCfg = Debug|Any CPU
		{96BE995D-2364-4C04-931A-158635F7F404}.Debug|x86.Build.0 = Debug|Any CPU
		{96BE995D-2364-4C04-931A-158635F7F404}.Release|Any CPU.ActiveCfg = Release|Any CPU
		{96BE995D-2364-4C04-931A-158635F7F404}.Release|Any CPU.Build.0 = Release|Any CPU
		{96BE995D-2364-4C04-931A-158635F7F404}.Release|x64.ActiveCfg = Release|Any CPU
		{96BE995D-2364-4C04-931A-158635F7F404}.Release|x64.Build.0 = Release|Any CPU
		{96BE995D-2364-4C04-931A-158635F7F404}.Release|x86.ActiveCfg = Release|Any CPU
		{96BE995D-2364-4C04-931A-158635F7F404}.Release|x86.Build.0 = Release|Any CPU
		{D7289B44-252F-4BBC-8657-853F832BE705}.Debug|Any CPU.ActiveCfg = Debug|Any CPU
		{D7289B44-252F-4BBC-8657-853F832BE705}.Debug|Any CPU.Build.0 = Debug|Any CPU
		{D7289B44-252F-4BBC-8657-853F832BE705}.Debug|x64.ActiveCfg = Debug|Any CPU
		{D7289B44-252F-4BBC-8657-853F832BE705}.Debug|x64.Build.0 = Debug|Any CPU
		{D7289B44-252F-4BBC-8657-853F832BE705}.Debug|x86.ActiveCfg = Debug|Any CPU
		{D7289B44-252F-4BBC-8657-853F832BE705}.Debug|x86.Build.0 = Debug|Any CPU
		{D7289B44-252F-4BBC-8657-853F832BE705}.Release|Any CPU.ActiveCfg = Release|Any CPU
		{D7289B44-252F-4BBC-8657-853F832BE705}.Release|Any CPU.Build.0 = Release|Any CPU
		{D7289B44-252F-4BBC-8657-853F832BE705}.Release|x64.ActiveCfg = Release|Any CPU
		{D7289B44-252F-4BBC-8657-853F832BE705}.Release|x64.Build.0 = Release|Any CPU
		{D7289B44-252F-4BBC-8657-853F832BE705}.Release|x86.ActiveCfg = Release|Any CPU
		{D7289B44-252F-4BBC-8657-853F832BE705}.Release|x86.Build.0 = Release|Any CPU
	EndGlobalSection
	GlobalSection(SolutionProperties) = preSolution
		HideSolutionNode = FALSE
	EndGlobalSection
	GlobalSection(NestedProjects) = preSolution
		{96BE995D-2364-4C04-931A-158635F7F404} = {2CB42F12-E813-91B3-7D11-3220E40BEF4A}
		{D7289B44-252F-4BBC-8657-853F832BE705} = {2CB42F12-E813-91B3-7D11-3220E40BEF4A}
	EndGlobalSection
	GlobalSection(ExtensibilityGlobals) = postSolution
		SolutionGuid = {DF0A79DC-7AC7-4D2E-A29F-2710D59F4BE5}
	EndGlobalSection
EndGlobal
